
Microsoft Visual Studio Solution File, Format Version 12.00
# Visual Studio Version 17
VisualStudioVersion = 17.7.34221.43
MinimumVisualStudioVersion = 10.0.40219.1
Project("{FAE04EC0-301F-11D3-BF4B-00C04F79EFBC}") = "Codility-MinMaxDivision", "Codility-MinMaxDivision\Codility-MinMaxDivision.csproj", "{7D002258-607D-4AFE-81FB-27822959C4C5}"
EndProject
Project("{FAE04EC0-301F-11D3-BF4B-00C04F79EFBC}") = "Codility-MinMaxDivisionTests", "Codility-MinMaxDivisionTests\Codility-MinMaxDivisionTests.csproj", "{3534483B-1A90-42E0-95A0-219258D330E0}"
EndProject
Global
	GlobalSection(SolutionConfigurationPlatforms) = preSolution
		Debug|Any CPU = Debug|Any CPU
		Release|Any CPU = Release|Any CPU
	EndGlobalSection
	GlobalSection(ProjectConfigurationPlatforms) = postSolution
		{7D002258-607D-4AFE-81FB-27822959C4C5}.Debug|Any CPU.ActiveCfg = Debug|Any CPU
		{7D002258-607D-4AFE-81FB-27822959C4C5}.Debug|Any CPU.Build.0 = Debug|Any CPU
		{7D002258-607D-4AFE-81FB-27822959C4C5}.Release|Any CPU.ActiveCfg = Release|Any CPU
		{7D002258-607D-4AFE-81FB-27822959C4C5}.Release|Any CPU.Build.0 = Release|Any CPU
		{3534483B-1A90-42E0-95A0-219258D330E0}.Debug|Any CPU.ActiveCfg = Debug|Any CPU
		{3534483B-1A90-42E0-95A0-219258D330E0}.Debug|Any CPU.Build.0 = Debug|Any CPU
		{3534483B-1A90-42E0-95A0-219258D330E0}.Release|Any CPU.ActiveCfg = Release|Any CPU
		{3534483B-1A90-42E0-95A0-219258D330E0}.Release|Any CPU.Build.0 = Release|Any CPU
	EndGlobalSection
	GlobalSection(SolutionProperties) = preSolution
		HideSolutionNode = FALSE
	EndGlobalSection
	GlobalSection(ExtensibilityGlobals) = postSolution
		SolutionGuid = {D845ADFA-59BE-4C0C-BEBF-2E5536736F65}
	EndGlobalSection
EndGlobal
